
Microsoft Visual Studio Solution File, Format Version 12.00
# Visual Studio Version 16
VisualStudioVersion = 16.0.30225.117
MinimumVisualStudioVersion = 10.0.40219.1
Project("{FAE04EC0-301F-11D3-BF4B-00C04F79EFBC}") = "E-Shop", "E-Shop\E-Shop.csproj", "{04073D45-8E64-4EE7-A1B3-AFA95AF41F73}"
EndProject
Global
	GlobalSection(SolutionConfigurationPlatforms) = preSolution
		Debug|Any CPU = Debug|Any CPU
		Release|Any CPU = Release|Any CPU
	EndGlobalSection
	GlobalSection(ProjectConfigurationPlatforms) = postSolution
		{04073D45-8E64-4EE7-A1B3-AFA95AF41F73}.Debug|Any CPU.ActiveCfg = Debug|Any CPU
		{04073D45-8E64-4EE7-A1B3-AFA95AF41F73}.Debug|Any CPU.Build.0 = Debug|Any CPU
		{04073D45-8E64-4EE7-A1B3-AFA95AF41F73}.Release|Any CPU.ActiveCfg = Release|Any CPU
		{04073D45-8E64-4EE7-A1B3-AFA95AF41F73}.Release|Any CPU.Build.0 = Release|Any CPU
	EndGlobalSection
	GlobalSection(SolutionProperties) = preSolution
		HideSolutionNode = FALSE
	EndGlobalSection
	GlobalSection(ExtensibilityGlobals) = postSolution
		SolutionGuid = {3FCEE5AD-737E-4704-8AF6-E4922FAAC882}
	EndGlobalSection
EndGlobal
